
Microsoft Visual Studio Solution File, Format Version 12.00
# Visual Studio Version 16
VisualStudioVersion = 16.0.32630.194
MinimumVisualStudioVersion = 10.0.40219.1
Project("{FAE04EC0-301F-11D3-BF4B-00C04F79EFBC}") = "AntalSäljareBeräkna", "AntalSäljareBeräkna\AntalSäljareBeräkna.csproj", "{038D3BD8-9216-4A8F-961B-BF8F671C3100}"
EndProject
Global
	GlobalSection(SolutionConfigurationPlatforms) = preSolution
		Debug|Any CPU = Debug|Any CPU
		Release|Any CPU = Release|Any CPU
	EndGlobalSection
	GlobalSection(ProjectConfigurationPlatforms) = postSolution
		{038D3BD8-9216-4A8F-961B-BF8F671C3100}.Debug|Any CPU.ActiveCfg = Debug|Any CPU
		{038D3BD8-9216-4A8F-961B-BF8F671C3100}.Debug|Any CPU.Build.0 = Debug|Any CPU
		{038D3BD8-9216-4A8F-961B-BF8F671C3100}.Release|Any CPU.ActiveCfg = Release|Any CPU
		{038D3BD8-9216-4A8F-961B-BF8F671C3100}.Release|Any CPU.Build.0 = Release|Any CPU
	EndGlobalSection
	GlobalSection(SolutionProperties) = preSolution
		HideSolutionNode = FALSE
	EndGlobalSection
	GlobalSection(ExtensibilityGlobals) = postSolution
		SolutionGuid = {F50459B9-49E5-47A4-A370-64B5E579FD3A}
	EndGlobalSection
EndGlobal
